
Microsoft Visual Studio Solution File, Format Version 12.00
# Visual Studio Version 17
VisualStudioVersion = 17.13.35931.197 d17.13
MinimumVisualStudioVersion = 10.0.40219.1
Project("{FAE04EC0-301F-11D3-BF4B-00C04F79EFBC}") = "DigitalTransparencySystem", "DigitalTransparencySystem\DigitalTransparencySystem.csproj", "{5B9CCDD5-65BD-4600-97B8-72A5114323E5}"
EndProject
Global
	GlobalSection(SolutionConfigurationPlatforms) = preSolution
		Debug|Any CPU = Debug|Any CPU
		Release|Any CPU = Release|Any CPU
	EndGlobalSection
	GlobalSection(ProjectConfigurationPlatforms) = postSolution
		{5B9CCDD5-65BD-4600-97B8-72A5114323E5}.Debug|Any CPU.ActiveCfg = Debug|Any CPU
		{5B9CCDD5-65BD-4600-97B8-72A5114323E5}.Debug|Any CPU.Build.0 = Debug|Any CPU
		{5B9CCDD5-65BD-4600-97B8-72A5114323E5}.Release|Any CPU.ActiveCfg = Release|Any CPU
		{5B9CCDD5-65BD-4600-97B8-72A5114323E5}.Release|Any CPU.Build.0 = Release|Any CPU
	EndGlobalSection
	GlobalSection(SolutionProperties) = preSolution
		HideSolutionNode = FALSE
	EndGlobalSection
	GlobalSection(ExtensibilityGlobals) = postSolution
		SolutionGuid = {EC190C28-9157-47E9-B46A-B44CE449DFA8}
	EndGlobalSection
EndGlobal
